
Microsoft Visual Studio Solution File, Format Version 12.00
# Visual Studio Version 17
VisualStudioVersion = 17.11.35327.3
MinimumVisualStudioVersion = 10.0.40219.1
Project("{FAE04EC0-301F-11D3-BF4B-00C04F79EFBC}") = "Exercitiul2", "Exercitiul2\Exercitiul2.csproj", "{D65E4F71-CCDB-4453-AA4D-65AF967FABDD}"
EndProject
Global
	GlobalSection(SolutionConfigurationPlatforms) = preSolution
		Debug|Any CPU = Debug|Any CPU
		Release|Any CPU = Release|Any CPU
	EndGlobalSection
	GlobalSection(ProjectConfigurationPlatforms) = postSolution
		{D65E4F71-CCDB-4453-AA4D-65AF967FABDD}.Debug|Any CPU.ActiveCfg = Debug|Any CPU
		{D65E4F71-CCDB-4453-AA4D-65AF967FABDD}.Debug|Any CPU.Build.0 = Debug|Any CPU
		{D65E4F71-CCDB-4453-AA4D-65AF967FABDD}.Release|Any CPU.ActiveCfg = Release|Any CPU
		{D65E4F71-CCDB-4453-AA4D-65AF967FABDD}.Release|Any CPU.Build.0 = Release|Any CPU
	EndGlobalSection
	GlobalSection(SolutionProperties) = preSolution
		HideSolutionNode = FALSE
	EndGlobalSection
	GlobalSection(ExtensibilityGlobals) = postSolution
		SolutionGuid = {3F196DEB-8D79-4187-BF31-2474B12C746C}
	EndGlobalSection
EndGlobal
